[ "amqp_client": {:git, "https://github.com/jbrisbin/amqp_client", "2b8c2c5a3b647fc4b4733978046305acde611a43", []},
  "gitex": {:git, "git@git.maxbet.asia:elixir/gitex.git", "d915e61e0acca0d00aa7b3a40608c15dfe12722e", []},
  "rabbit_common": {:git, "git://github.com/jbrisbin/rabbit_common.git", "99f27775da2e1763c723e41f8b9ca0a68b24ed19", [{:tag, "rabbitmq-3.0.2"}]} ]
