%{"amqp_client": {:git, "git://github.com/jbrisbin/amqp_client.git", "2b8c2c5a3b647fc4b4733978046305acde611a43", []},
  "exlager": {:git, "git://github.com/khia/exlager.git", "d3d73b2a3d0f7b8f3da11a02b5f9384da6c62110", []},
  "goldrush": {:git, "git://github.com/DeadZen/goldrush.git", "71e63212f12c25827e0c1b4198d37d5d018a7fec", [tag: "0.1.6"]},
  "jazz": {:git, "git://github.com/meh/jazz.git", "24b6eedb87aff6e97c5116f94d48476acb46dffe", []},
  "lager": {:git, "https://github.com/basho/lager.git", "4d8291edb72a25ac0efde907e2ecaa115108ff90", []},
  "rabbit_common": {:git, "git://github.com/jbrisbin/rabbit_common.git", "99f27775da2e1763c723e41f8b9ca0a68b24ed19", [tag: "rabbitmq-3.0.2"]}}
